
Microsoft Visual Studio Solution File, Format Version 12.00
# Visual Studio Version 17
VisualStudioVersion = 17.0.31903.59
MinimumVisualStudioVersion = 10.0.40219.1
Project("{2150E333-8FDC-42A3-9474-1A3956D46DE8}") = "src", "src", "{827E0CD3-B72D-47B6-A68D-7590B98EB39B}"
EndProject
Project("{FAE04EC0-301F-11D3-BF4B-00C04F79EFBC}") = "ParkingApp.Application", "src\ParkingApp.Application\ParkingApp.Application.csproj", "{BFA39B07-A507-45A7-AEB3-41B7BA23B6AF}"
EndProject
Project("{FAE04EC0-301F-11D3-BF4B-00C04F79EFBC}") = "ParkingApp.Infrastructure", "src\ParkingApp.Infrastructure\ParkingApp.Infrastructure.csproj", "{575859A7-47ED-4E6D-9360-72BDC70C2113}"
EndProject
Project("{FAE04EC0-301F-11D3-BF4B-00C04F79EFBC}") = "ParkingApp.API", "src\ParkingApp.API\ParkingApp.API.csproj", "{78ECC23D-845C-4612-9EC8-ECC1E557E7DA}"
EndProject
Project("{FAE04EC0-301F-11D3-BF4B-00C04F79EFBC}") = "ParkingApp.Gateway", "src\ParkingApp.Gateway\ParkingApp.Gateway.csproj", "{634A12A7-8F4D-468B-8486-121898E3B8B2}"
EndProject
Project("{FAE04EC0-301F-11D3-BF4B-00C04F79EFBC}") = "ParkingApp.BuildingBlocks", "src\ParkingApp.BuildingBlocks\ParkingApp.BuildingBlocks.csproj", "{A62BD098-265B-4DE3-8EE0-CFF7D1F69D87}"
EndProject
Project("{2150E333-8FDC-42A3-9474-1A3956D46DE8}") = "tests", "tests", "{0AB3BF05-4346-4AA6-1389-037BE0695223}"
EndProject
Project("{FAE04EC0-301F-11D3-BF4B-00C04F79EFBC}") = "ParkingApp.UnitTests", "tests\ParkingApp.UnitTests\ParkingApp.UnitTests.csproj", "{23AC67B7-BA1A-4DB9-821A-C05BCFDBB45D}"
EndProject
Project("{FAE04EC0-301F-11D3-BF4B-00C04F79EFBC}") = "ParkingApp.Notifications.Contracts", "src\Modules\Notifications\ParkingApp.Notifications.Contracts\ParkingApp.Notifications.Contracts.csproj", "{AF1160BE-B666-4C04-953D-4E7B405EE509}"
EndProject
Project("{FAE04EC0-301F-11D3-BF4B-00C04F79EFBC}") = "ParkingApp.Notifications.Domain", "src\Modules\Notifications\ParkingApp.Notifications.Domain\ParkingApp.Notifications.Domain.csproj", "{71D2AD3C-A800-4409-A61F-65138F07EDE0}"
EndProject
Project("{FAE04EC0-301F-11D3-BF4B-00C04F79EFBC}") = "ParkingApp.Notifications.Application", "src\Modules\Notifications\ParkingApp.Notifications.Application\ParkingApp.Notifications.Application.csproj", "{BE6C6F52-C5DD-4454-BB2E-C12AE6D89AD0}"
EndProject
Project("{FAE04EC0-301F-11D3-BF4B-00C04F79EFBC}") = "ParkingApp.Notifications.Infrastructure", "src\Modules\Notifications\ParkingApp.Notifications.Infrastructure\ParkingApp.Notifications.Infrastructure.csproj", "{DEE09780-D50E-4A9C-A244-1D944040AAA1}"
EndProject
Project("{FAE04EC0-301F-11D3-BF4B-00C04F79EFBC}") = "ParkingApp.Corporate.Contracts", "src\Modules\Corporate\ParkingApp.Corporate.Contracts\ParkingApp.Corporate.Contracts.csproj", "{08A61219-23A4-4894-82EE-E09006C22433}"
EndProject
Project("{FAE04EC0-301F-11D3-BF4B-00C04F79EFBC}") = "ParkingApp.Corporate.Domain", "src\Modules\Corporate\ParkingApp.Corporate.Domain\ParkingApp.Corporate.Domain.csproj", "{8AFD721B-3581-40E0-BB9A-2C8D13E7ED12}"
EndProject
Project("{FAE04EC0-301F-11D3-BF4B-00C04F79EFBC}") = "ParkingApp.Corporate.Application", "src\Modules\Corporate\ParkingApp.Corporate.Application\ParkingApp.Corporate.Application.csproj", "{813EDD0E-56D2-4CDA-992F-C0439028D8C4}"
EndProject
Project("{FAE04EC0-301F-11D3-BF4B-00C04F79EFBC}") = "ParkingApp.Corporate.Infrastructure", "src\Modules\Corporate\ParkingApp.Corporate.Infrastructure\ParkingApp.Corporate.Infrastructure.csproj", "{AFBA99B2-C1B5-49D6-B6FE-EE90B9594244}"
EndProject
Project("{FAE04EC0-301F-11D3-BF4B-00C04F79EFBC}") = "ParkingApp.Marketplace.Contracts", "src\Modules\Marketplace\ParkingApp.Marketplace.Contracts\ParkingApp.Marketplace.Contracts.csproj", "{6232CF7E-778E-472D-A9DD-360835DB8316}"
EndProject
Project("{FAE04EC0-301F-11D3-BF4B-00C04F79EFBC}") = "ParkingApp.Marketplace.Domain", "src\Modules\Marketplace\ParkingApp.Marketplace.Domain\ParkingApp.Marketplace.Domain.csproj", "{4F40E306-E281-4C98-878A-937E1C5B2848}"
EndProject
Project("{FAE04EC0-301F-11D3-BF4B-00C04F79EFBC}") = "ParkingApp.Marketplace.Application", "src\Modules\Marketplace\ParkingApp.Marketplace.Application\ParkingApp.Marketplace.Application.csproj", "{76413C3B-A155-4ACF-ACCB-89C90D7F0505}"
EndProject
Project("{FAE04EC0-301F-11D3-BF4B-00C04F79EFBC}") = "ParkingApp.Marketplace.Infrastructure", "src\Modules\Marketplace\ParkingApp.Marketplace.Infrastructure\ParkingApp.Marketplace.Infrastructure.csproj", "{A913D01A-F476-40A2-A843-D8BE4E8AC24C}"
EndProject
Project("{FAE04EC0-301F-11D3-BF4B-00C04F79EFBC}") = "ParkingApp.Messaging.Contracts", "src\Modules\Messaging\ParkingApp.Messaging.Contracts\ParkingApp.Messaging.Contracts.csproj", "{0B1D7CF6-9BE7-4486-9F85-8432F8EA1815}"
EndProject
Project("{FAE04EC0-301F-11D3-BF4B-00C04F79EFBC}") = "ParkingApp.Messaging.Domain", "src\Modules\Messaging\ParkingApp.Messaging.Domain\ParkingApp.Messaging.Domain.csproj", "{A8396B47-5CE0-4208-9408-E3DABBE22538}"
EndProject
Project("{FAE04EC0-301F-11D3-BF4B-00C04F79EFBC}") = "ParkingApp.Messaging.Application", "src\Modules\Messaging\ParkingApp.Messaging.Application\ParkingApp.Messaging.Application.csproj", "{233B32EC-22F6-43A4-A2FC-A8AE4635CA6E}"
EndProject
Project("{FAE04EC0-301F-11D3-BF4B-00C04F79EFBC}") = "ParkingApp.Messaging.Infrastructure", "src\Modules\Messaging\ParkingApp.Messaging.Infrastructure\ParkingApp.Messaging.Infrastructure.csproj", "{1BBAAF98-0BED-4417-B48E-F382AF3A572E}"
EndProject
Project("{FAE04EC0-301F-11D3-BF4B-00C04F79EFBC}") = "ParkingApp.Identity.Contracts", "src\Modules\Identity\ParkingApp.Identity.Contracts\ParkingApp.Identity.Contracts.csproj", "{18DD0417-2C19-4A87-AFE6-12D67E3A8590}"
EndProject
Project("{FAE04EC0-301F-11D3-BF4B-00C04F79EFBC}") = "ParkingApp.Identity.Domain", "src\Modules\Identity\ParkingApp.Identity.Domain\ParkingApp.Identity.Domain.csproj", "{9676F597-5743-435B-8D7B-8A5C93FF292A}"
EndProject
Project("{FAE04EC0-301F-11D3-BF4B-00C04F79EFBC}") = "ParkingApp.Identity.Application", "src\Modules\Identity\ParkingApp.Identity.Application\ParkingApp.Identity.Application.csproj", "{C148A8B5-2C32-42D8-A32D-417A6B3C2E1F}"
EndProject
Project("{FAE04EC0-301F-11D3-BF4B-00C04F79EFBC}") = "ParkingApp.Identity.Infrastructure", "src\Modules\Identity\ParkingApp.Identity.Infrastructure\ParkingApp.Identity.Infrastructure.csproj", "{F976069D-9125-47EC-A363-8D531D537979}"
EndProject
Project("{2150E333-8FDC-42A3-9474-1A3956D46DE8}") = "Modules", "Modules", "{D7DC9B74-6BC4-2470-2038-1E57C2DCB73B}"
EndProject
Project("{FAE04EC0-301F-11D3-BF4B-00C04F79EFBC}") = "ParkingApp.Identity.UnitTests", "tests\Modules\Identity\ParkingApp.Identity.UnitTests\ParkingApp.Identity.UnitTests.csproj", "{F8219144-26C6-44C3-AEC8-12646894AFAA}"
EndProject
Project("{FAE04EC0-301F-11D3-BF4B-00C04F79EFBC}") = "ParkingApp.Marketplace.UnitTests", "tests\Modules\Marketplace\ParkingApp.Marketplace.UnitTests\ParkingApp.Marketplace.UnitTests.csproj", "{CCF989F2-64DE-4F74-9A06-C4F5B2826225}"
EndProject
Project("{FAE04EC0-301F-11D3-BF4B-00C04F79EFBC}") = "ParkingApp.Corporate.UnitTests", "tests\Modules\Corporate\ParkingApp.Corporate.UnitTests\ParkingApp.Corporate.UnitTests.csproj", "{EAEBD81C-9768-4D34-8EEF-5C93AFCBA011}"
EndProject
Project("{FAE04EC0-301F-11D3-BF4B-00C04F79EFBC}") = "ParkingApp.Messaging.UnitTests", "tests\Modules\Messaging\ParkingApp.Messaging.UnitTests\ParkingApp.Messaging.UnitTests.csproj", "{B00CA1AF-555E-4AAC-9E39-66B782732C99}"
EndProject
Project("{FAE04EC0-301F-11D3-BF4B-00C04F79EFBC}") = "ParkingApp.Notifications.UnitTests", "tests\Modules\Notifications\ParkingApp.Notifications.UnitTests\ParkingApp.Notifications.UnitTests.csproj", "{4BA38CFC-B82E-4275-B41F-184C2666CF8A}"
EndProject
Project("{2150E333-8FDC-42A3-9474-1A3956D46DE8}") = "Modules", "Modules", "{EC447DCF-ABFA-6E24-52A5-D7FD48A5C558}"
EndProject
Project("{2150E333-8FDC-42A3-9474-1A3956D46DE8}") = "Admin", "Admin", "{E9E1155A-A339-766C-C185-6698FF423EBC}"
EndProject
Project("{FAE04EC0-301F-11D3-BF4B-00C04F79EFBC}") = "ParkingApp.Admin.Contracts", "src\Modules\Admin\ParkingApp.Admin.Contracts\ParkingApp.Admin.Contracts.csproj", "{657887F5-230D-406E-8431-D74EBB1F9698}"
EndProject
Project("{FAE04EC0-301F-11D3-BF4B-00C04F79EFBC}") = "ParkingApp.Admin.Domain", "src\Modules\Admin\ParkingApp.Admin.Domain\ParkingApp.Admin.Domain.csproj", "{9339645B-8A3E-4771-8D44-BFB5817B905B}"
EndProject
Project("{FAE04EC0-301F-11D3-BF4B-00C04F79EFBC}") = "ParkingApp.Admin.Application", "src\Modules\Admin\ParkingApp.Admin.Application\ParkingApp.Admin.Application.csproj", "{DB10D66E-AF0C-4FC5-9A68-86D7AA7B37C5}"
EndProject
Project("{FAE04EC0-301F-11D3-BF4B-00C04F79EFBC}") = "ParkingApp.Admin.Infrastructure", "src\Modules\Admin\ParkingApp.Admin.Infrastructure\ParkingApp.Admin.Infrastructure.csproj", "{72762528-1C31-47C1-8867-741C7CCDC539}"
EndProject
Project("{FAE04EC0-301F-11D3-BF4B-00C04F79EFBC}") = "ParkingApp.IntegrationTests", "tests\ParkingApp.IntegrationTests\ParkingApp.IntegrationTests.csproj", "{356D454A-634E-4ECF-93D8-CDE8AB781C42}"
EndProject
Global
	GlobalSection(SolutionConfigurationPlatforms) = preSolution
		Debug|Any CPU = Debug|Any CPU
		Debug|x64 = Debug|x64
		Debug|x86 = Debug|x86
		Release|Any CPU = Release|Any CPU
		Release|x64 = Release|x64
		Release|x86 = Release|x86
	EndGlobalSection
	GlobalSection(ProjectConfigurationPlatforms) = postSolution
		{BFA39B07-A507-45A7-AEB3-41B7BA23B6AF}.Debug|Any CPU.ActiveCfg = Debug|Any CPU
		{BFA39B07-A507-45A7-AEB3-41B7BA23B6AF}.Debug|Any CPU.Build.0 = Debug|Any CPU
		{BFA39B07-A507-45A7-AEB3-41B7BA23B6AF}.Debug|x64.ActiveCfg = Debug|Any CPU
		{BFA39B07-A507-45A7-AEB3-41B7BA23B6AF}.Debug|x64.Build.0 = Debug|Any CPU
		{BFA39B07-A507-45A7-AEB3-41B7BA23B6AF}.Debug|x86.ActiveCfg = Debug|Any CPU
		{BFA39B07-A507-45A7-AEB3-41B7BA23B6AF}.Debug|x86.Build.0 = Debug|Any CPU
		{BFA39B07-A507-45A7-AEB3-41B7BA23B6AF}.Release|Any CPU.ActiveCfg = Release|Any CPU
		{BFA39B07-A507-45A7-AEB3-41B7BA23B6AF}.Release|Any CPU.Build.0 = Release|Any CPU
		{BFA39B07-A507-45A7-AEB3-41B7BA23B6AF}.Release|x64.ActiveCfg = Release|Any CPU
		{BFA39B07-A507-45A7-AEB3-41B7BA23B6AF}.Release|x64.Build.0 = Release|Any CPU
		{BFA39B07-A507-45A7-AEB3-41B7BA23B6AF}.Release|x86.ActiveCfg = Release|Any CPU
		{BFA39B07-A507-45A7-AEB3-41B7BA23B6AF}.Release|x86.Build.0 = Release|Any CPU
		{575859A7-47ED-4E6D-9360-72BDC70C2113}.Debug|Any CPU.ActiveCfg = Debug|Any CPU
		{575859A7-47ED-4E6D-9360-72BDC70C2113}.Debug|Any CPU.Build.0 = Debug|Any CPU
		{575859A7-47ED-4E6D-9360-72BDC70C2113}.Debug|x64.ActiveCfg = Debug|Any CPU
		{575859A7-47ED-4E6D-9360-72BDC70C2113}.Debug|x64.Build.0 = Debug|Any CPU
		{575859A7-47ED-4E6D-9360-72BDC70C2113}.Debug|x86.ActiveCfg = Debug|Any CPU
		{575859A7-47ED-4E6D-9360-72BDC70C2113}.Debug|x86.Build.0 = Debug|Any CPU
		{575859A7-47ED-4E6D-9360-72BDC70C2113}.Release|Any CPU.ActiveCfg = Release|Any CPU
		{575859A7-47ED-4E6D-9360-72BDC70C2113}.Release|Any CPU.Build.0 = Release|Any CPU
		{575859A7-47ED-4E6D-9360-72BDC70C2113}.Release|x64.ActiveCfg = Release|Any CPU
		{575859A7-47ED-4E6D-9360-72BDC70C2113}.Release|x64.Build.0 = Release|Any CPU
		{575859A7-47ED-4E6D-9360-72BDC70C2113}.Release|x86.ActiveCfg = Release|Any CPU
		{575859A7-47ED-4E6D-9360-72BDC70C2113}.Release|x86.Build.0 = Release|Any CPU
		{78ECC23D-845C-4612-9EC8-ECC1E557E7DA}.Debug|Any CPU.ActiveCfg = Debug|Any CPU
		{78ECC23D-845C-4612-9EC8-ECC1E557E7DA}.Debug|Any CPU.Build.0 = Debug|Any CPU
		{78ECC23D-845C-4612-9EC8-ECC1E557E7DA}.Debug|x64.ActiveCfg = Debug|Any CPU
		{78ECC23D-845C-4612-9EC8-ECC1E557E7DA}.Debug|x64.Build.0 = Debug|Any CPU
		{78ECC23D-845C-4612-9EC8-ECC1E557E7DA}.Debug|x86.ActiveCfg = Debug|Any CPU
		{78ECC23D-845C-4612-9EC8-ECC1E557E7DA}.Debug|x86.Build.0 = Debug|Any CPU
		{78ECC23D-845C-4612-9EC8-ECC1E557E7DA}.Release|Any CPU.ActiveCfg = Release|Any CPU
		{78ECC23D-845C-4612-9EC8-ECC1E557E7DA}.Release|Any CPU.Build.0 = Release|Any CPU
		{78ECC23D-845C-4612-9EC8-ECC1E557E7DA}.Release|x64.ActiveCfg = Release|Any CPU
		{78ECC23D-845C-4612-9EC8-ECC1E557E7DA}.Release|x64.Build.0 = Release|Any CPU
		{78ECC23D-845C-4612-9EC8-ECC1E557E7DA}.Release|x86.ActiveCfg = Release|Any CPU
		{78ECC23D-845C-4612-9EC8-ECC1E557E7DA}.Release|x86.Build.0 = Release|Any CPU
		{634A12A7-8F4D-468B-8486-121898E3B8B2}.Debug|Any CPU.ActiveCfg = Debug|Any CPU
		{634A12A7-8F4D-468B-8486-121898E3B8B2}.Debug|Any CPU.Build.0 = Debug|Any CPU
		{634A12A7-8F4D-468B-8486-121898E3B8B2}.Debug|x64.ActiveCfg = Debug|Any CPU
		{634A12A7-8F4D-468B-8486-121898E3B8B2}.Debug|x64.Build.0 = Debug|Any CPU
		{634A12A7-8F4D-468B-8486-121898E3B8B2}.Debug|x86.ActiveCfg = Debug|Any CPU
		{634A12A7-8F4D-468B-8486-121898E3B8B2}.Debug|x86.Build.0 = Debug|Any CPU
		{634A12A7-8F4D-468B-8486-121898E3B8B2}.Release|Any CPU.ActiveCfg = Release|Any CPU
		{634A12A7-8F4D-468B-8486-121898E3B8B2}.Release|Any CPU.Build.0 = Release|Any CPU
		{634A12A7-8F4D-468B-8486-121898E3B8B2}.Release|x64.ActiveCfg = Release|Any CPU
		{634A12A7-8F4D-468B-8486-121898E3B8B2}.Release|x64.Build.0 = Release|Any CPU
		{634A12A7-8F4D-468B-8486-121898E3B8B2}.Release|x86.ActiveCfg = Release|Any CPU
		{634A12A7-8F4D-468B-8486-121898E3B8B2}.Release|x86.Build.0 = Release|Any CPU
		{A62BD098-265B-4DE3-8EE0-CFF7D1F69D87}.Debug|Any CPU.ActiveCfg = Debug|Any CPU
		{A62BD098-265B-4DE3-8EE0-CFF7D1F69D87}.Debug|Any CPU.Build.0 = Debug|Any CPU
		{A62BD098-265B-4DE3-8EE0-CFF7D1F69D87}.Debug|x64.ActiveCfg = Debug|Any CPU
		{A62BD098-265B-4DE3-8EE0-CFF7D1F69D87}.Debug|x64.Build.0 = Debug|Any CPU
		{A62BD098-265B-4DE3-8EE0-CFF7D1F69D87}.Debug|x86.ActiveCfg = Debug|Any CPU
		{A62BD098-265B-4DE3-8EE0-CFF7D1F69D87}.Debug|x86.Build.0 = Debug|Any CPU
		{A62BD098-265B-4DE3-8EE0-CFF7D1F69D87}.Release|Any CPU.ActiveCfg = Release|Any CPU
		{A62BD098-265B-4DE3-8EE0-CFF7D1F69D87}.Release|Any CPU.Build.0 = Release|Any CPU
		{A62BD098-265B-4DE3-8EE0-CFF7D1F69D87}.Release|x64.ActiveCfg = Release|Any CPU
		{A62BD098-265B-4DE3-8EE0-CFF7D1F69D87}.Release|x64.Build.0 = Release|Any CPU
		{A62BD098-265B-4DE3-8EE0-CFF7D1F69D87}.Release|x86.ActiveCfg = Release|Any CPU
		{A62BD098-265B-4DE3-8EE0-CFF7D1F69D87}.Release|x86.Build.0 = Release|Any CPU
		{23AC67B7-BA1A-4DB9-821A-C05BCFDBB45D}.Debug|Any CPU.ActiveCfg = Debug|Any CPU
		{23AC67B7-BA1A-4DB9-821A-C05BCFDBB45D}.Debug|Any CPU.Build.0 = Debug|Any CPU
		{23AC67B7-BA1A-4DB9-821A-C05BCFDBB45D}.Debug|x64.ActiveCfg = Debug|Any CPU
		{23AC67B7-BA1A-4DB9-821A-C05BCFDBB45D}.Debug|x64.Build.0 = Debug|Any CPU
		{23AC67B7-BA1A-4DB9-821A-C05BCFDBB45D}.Debug|x86.ActiveCfg = Debug|Any CPU
		{23AC67B7-BA1A-4DB9-821A-C05BCFDBB45D}.Debug|x86.Build.0 = Debug|Any CPU
		{23AC67B7-BA1A-4DB9-821A-C05BCFDBB45D}.Release|Any CPU.ActiveCfg = Release|Any CPU
		{23AC67B7-BA1A-4DB9-821A-C05BCFDBB45D}.Release|Any CPU.Build.0 = Release|Any CPU
		{23AC67B7-BA1A-4DB9-821A-C05BCFDBB45D}.Release|x64.ActiveCfg = Release|Any CPU
		{23AC67B7-BA1A-4DB9-821A-C05BCFDBB45D}.Release|x64.Build.0 = Release|Any CPU
		{23AC67B7-BA1A-4DB9-821A-C05BCFDBB45D}.Release|x86.ActiveCfg = Release|Any CPU
		{23AC67B7-BA1A-4DB9-821A-C05BCFDBB45D}.Release|x86.Build.0 = Release|Any CPU
		{AF1160BE-B666-4C04-953D-4E7B405EE509}.Debug|Any CPU.ActiveCfg = Debug|Any CPU
		{AF1160BE-B666-4C04-953D-4E7B405EE509}.Debug|Any CPU.Build.0 = Debug|Any CPU
		{AF1160BE-B666-4C04-953D-4E7B405EE509}.Debug|x64.ActiveCfg = Debug|Any CPU
		{AF1160BE-B666-4C04-953D-4E7B405EE509}.Debug|x64.Build.0 = Debug|Any CPU
		{AF1160BE-B666-4C04-953D-4E7B405EE509}.Debug|x86.ActiveCfg = Debug|Any CPU
		{AF1160BE-B666-4C04-953D-4E7B405EE509}.Debug|x86.Build.0 = Debug|Any CPU
		{AF1160BE-B666-4C04-953D-4E7B405EE509}.Release|Any CPU.ActiveCfg = Release|Any CPU
		{AF1160BE-B666-4C04-953D-4E7B405EE509}.Release|Any CPU.Build.0 = Release|Any CPU
		{AF1160BE-B666-4C04-953D-4E7B405EE509}.Release|x64.ActiveCfg = Release|Any CPU
		{AF1160BE-B666-4C04-953D-4E7B405EE509}.Release|x64.Build.0 = Release|Any CPU
		{AF1160BE-B666-4C04-953D-4E7B405EE509}.Release|x86.ActiveCfg = Release|Any CPU
		{AF1160BE-B666-4C04-953D-4E7B405EE509}.Release|x86.Build.0 = Release|Any CPU
		{71D2AD3C-A800-4409-A61F-65138F07EDE0}.Debug|Any CPU.ActiveCfg = Debug|Any CPU
		{71D2AD3C-A800-4409-A61F-65138F07EDE0}.Debug|Any CPU.Build.0 = Debug|Any CPU
		{71D2AD3C-A800-4409-A61F-65138F07EDE0}.Debug|x64.ActiveCfg = Debug|Any CPU
		{71D2AD3C-A800-4409-A61F-65138F07EDE0}.Debug|x64.Build.0 = Debug|Any CPU
		{71D2AD3C-A800-4409-A61F-65138F07EDE0}.Debug|x86.ActiveCfg = Debug|Any CPU
		{71D2AD3C-A800-4409-A61F-65138F07EDE0}.Debug|x86.Build.0 = Debug|Any CPU
		{71D2AD3C-A800-4409-A61F-65138F07EDE0}.Release|Any CPU.ActiveCfg = Release|Any CPU
		{71D2AD3C-A800-4409-A61F-65138F07EDE0}.Release|Any CPU.Build.0 = Release|Any CPU
		{71D2AD3C-A800-4409-A61F-65138F07EDE0}.Release|x64.ActiveCfg = Release|Any CPU
		{71D2AD3C-A800-4409-A61F-65138F07EDE0}.Release|x64.Build.0 = Release|Any CPU
		{71D2AD3C-A800-4409-A61F-65138F07EDE0}.Release|x86.ActiveCfg = Release|Any CPU
		{71D2AD3C-A800-4409-A61F-65138F07EDE0}.Release|x86.Build.0 = Release|Any CPU
		{BE6C6F52-C5DD-4454-BB2E-C12AE6D89AD0}.Debug|Any CPU.ActiveCfg = Debug|Any CPU
		{BE6C6F52-C5DD-4454-BB2E-C12AE6D89AD0}.Debug|Any CPU.Build.0 = Debug|Any CPU
		{BE6C6F52-C5DD-4454-BB2E-C12AE6D89AD0}.Debug|x64.ActiveCfg = Debug|Any CPU
		{BE6C6F52-C5DD-4454-BB2E-C12AE6D89AD0}.Debug|x64.Build.0 = Debug|Any CPU
		{BE6C6F52-C5DD-4454-BB2E-C12AE6D89AD0}.Debug|x86.ActiveCfg = Debug|Any CPU
		{BE6C6F52-C5DD-4454-BB2E-C12AE6D89AD0}.Debug|x86.Build.0 = Debug|Any CPU
		{BE6C6F52-C5DD-4454-BB2E-C12AE6D89AD0}.Release|Any CPU.ActiveCfg = Release|Any CPU
		{BE6C6F52-C5DD-4454-BB2E-C12AE6D89AD0}.Release|Any CPU.Build.0 = Release|Any CPU
		{BE6C6F52-C5DD-4454-BB2E-C12AE6D89AD0}.Release|x64.ActiveCfg = Release|Any CPU
		{BE6C6F52-C5DD-4454-BB2E-C12AE6D89AD0}.Release|x64.Build.0 = Release|Any CPU
		{BE6C6F52-C5DD-4454-BB2E-C12AE6D89AD0}.Release|x86.ActiveCfg = Release|Any CPU
		{BE6C6F52-C5DD-4454-BB2E-C12AE6D89AD0}.Release|x86.Build.0 = Release|Any CPU
		{DEE09780-D50E-4A9C-A244-1D944040AAA1}.Debug|Any CPU.ActiveCfg = Debug|Any CPU
		{DEE09780-D50E-4A9C-A244-1D944040AAA1}.Debug|Any CPU.Build.0 = Debug|Any CPU
		{DEE09780-D50E-4A9C-A244-1D944040AAA1}.Debug|x64.ActiveCfg = Debug|Any CPU
		{DEE09780-D50E-4A9C-A244-1D944040AAA1}.Debug|x64.Build.0 = Debug|Any CPU
		{DEE09780-D50E-4A9C-A244-1D944040AAA1}.Debug|x86.ActiveCfg = Debug|Any CPU
		{DEE09780-D50E-4A9C-A244-1D944040AAA1}.Debug|x86.Build.0 = Debug|Any CPU
		{DEE09780-D50E-4A9C-A244-1D944040AAA1}.Release|Any CPU.ActiveCfg = Release|Any CPU
		{DEE09780-D50E-4A9C-A244-1D944040AAA1}.Release|Any CPU.Build.0 = Release|Any CPU
		{DEE09780-D50E-4A9C-A244-1D944040AAA1}.Release|x64.ActiveCfg = Release|Any CPU
		{DEE09780-D50E-4A9C-A244-1D944040AAA1}.Release|x64.Build.0 = Release|Any CPU
		{DEE09780-D50E-4A9C-A244-1D944040AAA1}.Release|x86.ActiveCfg = Release|Any CPU
		{DEE09780-D50E-4A9C-A244-1D944040AAA1}.Release|x86.Build.0 = Release|Any CPU
		{08A61219-23A4-4894-82EE-E09006C22433}.Debug|Any CPU.ActiveCfg = Debug|Any CPU
		{08A61219-23A4-4894-82EE-E09006C22433}.Debug|Any CPU.Build.0 = Debug|Any CPU
		{08A61219-23A4-4894-82EE-E09006C22433}.Debug|x64.ActiveCfg = Debug|Any CPU
		{08A61219-23A4-4894-82EE-E09006C22433}.Debug|x64.Build.0 = Debug|Any CPU
		{08A61219-23A4-4894-82EE-E09006C22433}.Debug|x86.ActiveCfg = Debug|Any CPU
		{08A61219-23A4-4894-82EE-E09006C22433}.Debug|x86.Build.0 = Debug|Any CPU
		{08A61219-23A4-4894-82EE-E09006C22433}.Release|Any CPU.ActiveCfg = Release|Any CPU
		{08A61219-23A4-4894-82EE-E09006C22433}.Release|Any CPU.Build.0 = Release|Any CPU
		{08A61219-23A4-4894-82EE-E09006C22433}.Release|x64.ActiveCfg = Release|Any CPU
		{08A61219-23A4-4894-82EE-E09006C22433}.Release|x64.Build.0 = Release|Any CPU
		{08A61219-23A4-4894-82EE-E09006C22433}.Release|x86.ActiveCfg = Release|Any CPU
		{08A61219-23A4-4894-82EE-E09006C22433}.Release|x86.Build.0 = Release|Any CPU
		{8AFD721B-3581-40E0-BB9A-2C8D13E7ED12}.Debug|Any CPU.ActiveCfg = Debug|Any CPU
		{8AFD721B-3581-40E0-BB9A-2C8D13E7ED12}.Debug|Any CPU.Build.0 = Debug|Any CPU
		{8AFD721B-3581-40E0-BB9A-2C8D13E7ED12}.Debug|x64.ActiveCfg = Debug|Any CPU
		{8AFD721B-3581-40E0-BB9A-2C8D13E7ED12}.Debug|x64.Build.0 = Debug|Any CPU
		{8AFD721B-3581-40E0-BB9A-2C8D13E7ED12}.Debug|x86.ActiveCfg = Debug|Any CPU
		{8AFD721B-3581-40E0-BB9A-2C8D13E7ED12}.Debug|x86.Build.0 = Debug|Any CPU
		{8AFD721B-3581-40E0-BB9A-2C8D13E7ED12}.Release|Any CPU.ActiveCfg = Release|Any CPU
		{8AFD721B-3581-40E0-BB9A-2C8D13E7ED12}.Release|Any CPU.Build.0 = Release|Any CPU
		{8AFD721B-3581-40E0-BB9A-2C8D13E7ED12}.Release|x64.ActiveCfg = Release|Any CPU
		{8AFD721B-3581-40E0-BB9A-2C8D13E7ED12}.Release|x64.Build.0 = Release|Any CPU
		{8AFD721B-3581-40E0-BB9A-2C8D13E7ED12}.Release|x86.ActiveCfg = Release|Any CPU
		{8AFD721B-3581-40E0-BB9A-2C8D13E7ED12}.Release|x86.Build.0 = Release|Any CPU
		{813EDD0E-56D2-4CDA-992F-C0439028D8C4}.Debug|Any CPU.ActiveCfg = Debug|Any CPU
		{813EDD0E-56D2-4CDA-992F-C0439028D8C4}.Debug|Any CPU.Build.0 = Debug|Any CPU
		{813EDD0E-56D2-4CDA-992F-C0439028D8C4}.Debug|x64.ActiveCfg = Debug|Any CPU
		{813EDD0E-56D2-4CDA-992F-C0439028D8C4}.Debug|x64.Build.0 = Debug|Any CPU
		{813EDD0E-56D2-4CDA-992F-C0439028D8C4}.Debug|x86.ActiveCfg = Debug|Any CPU
		{813EDD0E-56D2-4CDA-992F-C0439028D8C4}.Debug|x86.Build.0 = Debug|Any CPU
		{813EDD0E-56D2-4CDA-992F-C0439028D8C4}.Release|Any CPU.ActiveCfg = Release|Any CPU
		{813EDD0E-56D2-4CDA-992F-C0439028D8C4}.Release|Any CPU.Build.0 = Release|Any CPU
		{813EDD0E-56D2-4CDA-992F-C0439028D8C4}.Release|x64.ActiveCfg = Release|Any CPU
		{813EDD0E-56D2-4CDA-992F-C0439028D8C4}.Release|x64.Build.0 = Release|Any CPU
		{813EDD0E-56D2-4CDA-992F-C0439028D8C4}.Release|x86.ActiveCfg = Release|Any CPU
		{813EDD0E-56D2-4CDA-992F-C0439028D8C4}.Release|x86.Build.0 = Release|Any CPU
		{AFBA99B2-C1B5-49D6-B6FE-EE90B9594244}.Debug|Any CPU.ActiveCfg = Debug|Any CPU
		{AFBA99B2-C1B5-49D6-B6FE-EE90B9594244}.Debug|Any CPU.Build.0 = Debug|Any CPU
		{AFBA99B2-C1B5-49D6-B6FE-EE90B9594244}.Debug|x64.ActiveCfg = Debug|Any CPU
		{AFBA99B2-C1B5-49D6-B6FE-EE90B9594244}.Debug|x64.Build.0 = Debug|Any CPU
		{AFBA99B2-C1B5-49D6-B6FE-EE90B9594244}.Debug|x86.ActiveCfg = Debug|Any CPU
		{AFBA99B2-C1B5-49D6-B6FE-EE90B9594244}.Debug|x86.Build.0 = Debug|Any CPU
		{AFBA99B2-C1B5-49D6-B6FE-EE90B9594244}.Release|Any CPU.ActiveCfg = Release|Any CPU
		{AFBA99B2-C1B5-49D6-B6FE-EE90B9594244}.Release|Any CPU.Build.0 = Release|Any CPU
		{AFBA99B2-C1B5-49D6-B6FE-EE90B9594244}.Release|x64.ActiveCfg = Release|Any CPU
		{AFBA99B2-C1B5-49D6-B6FE-EE90B9594244}.Release|x64.Build.0 = Release|Any CPU
		{AFBA99B2-C1B5-49D6-B6FE-EE90B9594244}.Release|x86.ActiveCfg = Release|Any CPU
		{AFBA99B2-C1B5-49D6-B6FE-EE90B9594244}.Release|x86.Build.0 = Release|Any CPU
		{6232CF7E-778E-472D-A9DD-360835DB8316}.Debug|Any CPU.ActiveCfg = Debug|Any CPU
		{6232CF7E-778E-472D-A9DD-360835DB8316}.Debug|Any CPU.Build.0 = Debug|Any CPU
		{6232CF7E-778E-472D-A9DD-360835DB8316}.Debug|x64.ActiveCfg = Debug|Any CPU
		{6232CF7E-778E-472D-A9DD-360835DB8316}.Debug|x64.Build.0 = Debug|Any CPU
		{6232CF7E-778E-472D-A9DD-360835DB8316}.Debug|x86.ActiveCfg = Debug|Any CPU
		{6232CF7E-778E-472D-A9DD-360835DB8316}.Debug|x86.Build.0 = Debug|Any CPU
		{6232CF7E-778E-472D-A9DD-360835DB8316}.Release|Any CPU.ActiveCfg = Release|Any CPU
		{6232CF7E-778E-472D-A9DD-360835DB8316}.Release|Any CPU.Build.0 = Release|Any CPU
		{6232CF7E-778E-472D-A9DD-360835DB8316}.Release|x64.ActiveCfg = Release|Any CPU
		{6232CF7E-778E-472D-A9DD-360835DB8316}.Release|x64.Build.0 = Release|Any CPU
		{6232CF7E-778E-472D-A9DD-360835DB8316}.Release|x86.ActiveCfg = Release|Any CPU
		{6232CF7E-778E-472D-A9DD-360835DB8316}.Release|x86.Build.0 = Release|Any CPU
		{4F40E306-E281-4C98-878A-937E1C5B2848}.Debug|Any CPU.ActiveCfg = Debug|Any CPU
		{4F40E306-E281-4C98-878A-937E1C5B2848}.Debug|Any CPU.Build.0 = Debug|Any CPU
		{4F40E306-E281-4C98-878A-937E1C5B2848}.Debug|x64.ActiveCfg = Debug|Any CPU
		{4F40E306-E281-4C98-878A-937E1C5B2848}.Debug|x64.Build.0 = Debug|Any CPU
		{4F40E306-E281-4C98-878A-937E1C5B2848}.Debug|x86.ActiveCfg = Debug|Any CPU
		{4F40E306-E281-4C98-878A-937E1C5B2848}.Debug|x86.Build.0 = Debug|Any CPU
		{4F40E306-E281-4C98-878A-937E1C5B2848}.Release|Any CPU.ActiveCfg = Release|Any CPU
		{4F40E306-E281-4C98-878A-937E1C5B2848}.Release|Any CPU.Build.0 = Release|Any CPU
		{4F40E306-E281-4C98-878A-937E1C5B2848}.Release|x64.ActiveCfg = Release|Any CPU
		{4F40E306-E281-4C98-878A-937E1C5B2848}.Release|x64.Build.0 = Release|Any CPU
		{4F40E306-E281-4C98-878A-937E1C5B2848}.Release|x86.ActiveCfg = Release|Any CPU
		{4F40E306-E281-4C98-878A-937E1C5B2848}.Release|x86.Build.0 = Release|Any CPU
		{76413C3B-A155-4ACF-ACCB-89C90D7F0505}.Debug|Any CPU.ActiveCfg = Debug|Any CPU
		{76413C3B-A155-4ACF-ACCB-89C90D7F0505}.Debug|Any CPU.Build.0 = Debug|Any CPU
		{76413C3B-A155-4ACF-ACCB-89C90D7F0505}.Debug|x64.ActiveCfg = Debug|Any CPU
		{76413C3B-A155-4ACF-ACCB-89C90D7F0505}.Debug|x64.Build.0 = Debug|Any CPU
		{76413C3B-A155-4ACF-ACCB-89C90D7F0505}.Debug|x86.ActiveCfg = Debug|Any CPU
		{76413C3B-A155-4ACF-ACCB-89C90D7F0505}.Debug|x86.Build.0 = Debug|Any CPU
		{76413C3B-A155-4ACF-ACCB-89C90D7F0505}.Release|Any CPU.ActiveCfg = Release|Any CPU
		{76413C3B-A155-4ACF-ACCB-89C90D7F0505}.Release|Any CPU.Build.0 = Release|Any CPU
		{76413C3B-A155-4ACF-ACCB-89C90D7F0505}.Release|x64.ActiveCfg = Release|Any CPU
		{76413C3B-A155-4ACF-ACCB-89C90D7F0505}.Release|x64.Build.0 = Release|Any CPU
		{76413C3B-A155-4ACF-ACCB-89C90D7F0505}.Release|x86.ActiveCfg = Release|Any CPU
		{76413C3B-A155-4ACF-ACCB-89C90D7F0505}.Release|x86.Build.0 = Release|Any CPU
		{A913D01A-F476-40A2-A843-D8BE4E8AC24C}.Debug|Any CPU.ActiveCfg = Debug|Any CPU
		{A913D01A-F476-40A2-A843-D8BE4E8AC24C}.Debug|Any CPU.Build.0 = Debug|Any CPU
		{A913D01A-F476-40A2-A843-D8BE4E8AC24C}.Debug|x64.ActiveCfg = Debug|Any CPU
		{A913D01A-F476-40A2-A843-D8BE4E8AC24C}.Debug|x64.Build.0 = Debug|Any CPU
		{A913D01A-F476-40A2-A843-D8BE4E8AC24C}.Debug|x86.ActiveCfg = Debug|Any CPU
		{A913D01A-F476-40A2-A843-D8BE4E8AC24C}.Debug|x86.Build.0 = Debug|Any CPU
		{A913D01A-F476-40A2-A843-D8BE4E8AC24C}.Release|Any CPU.ActiveCfg = Release|Any CPU
		{A913D01A-F476-40A2-A843-D8BE4E8AC24C}.Release|Any CPU.Build.0 = Release|Any CPU
		{A913D01A-F476-40A2-A843-D8BE4E8AC24C}.Release|x64.ActiveCfg = Release|Any CPU
		{A913D01A-F476-40A2-A843-D8BE4E8AC24C}.Release|x64.Build.0 = Release|Any CPU
		{A913D01A-F476-40A2-A843-D8BE4E8AC24C}.Release|x86.ActiveCfg = Release|Any CPU
		{A913D01A-F476-40A2-A843-D8BE4E8AC24C}.Release|x86.Build.0 = Release|Any CPU
		{0B1D7CF6-9BE7-4486-9F85-8432F8EA1815}.Debug|Any CPU.ActiveCfg = Debug|Any CPU
		{0B1D7CF6-9BE7-4486-9F85-8432F8EA1815}.Debug|Any CPU.Build.0 = Debug|Any CPU
		{0B1D7CF6-9BE7-4486-9F85-8432F8EA1815}.Debug|x64.ActiveCfg = Debug|Any CPU
		{0B1D7CF6-9BE7-4486-9F85-8432F8EA1815}.Debug|x64.Build.0 = Debug|Any CPU
		{0B1D7CF6-9BE7-4486-9F85-8432F8EA1815}.Debug|x86.ActiveCfg = Debug|Any CPU
		{0B1D7CF6-9BE7-4486-9F85-8432F8EA1815}.Debug|x86.Build.0 = Debug|Any CPU
		{0B1D7CF6-9BE7-4486-9F85-8432F8EA1815}.Release|Any CPU.ActiveCfg = Release|Any CPU
		{0B1D7CF6-9BE7-4486-9F85-8432F8EA1815}.Release|Any CPU.Build.0 = Release|Any CPU
		{0B1D7CF6-9BE7-4486-9F85-8432F8EA1815}.Release|x64.ActiveCfg = Release|Any CPU
		{0B1D7CF6-9BE7-4486-9F85-8432F8EA1815}.Release|x64.Build.0 = Release|Any CPU
		{0B1D7CF6-9BE7-4486-9F85-8432F8EA1815}.Release|x86.ActiveCfg = Release|Any CPU
		{0B1D7CF6-9BE7-4486-9F85-8432F8EA1815}.Release|x86.Build.0 = Release|Any CPU
		{A8396B47-5CE0-4208-9408-E3DABBE22538}.Debug|Any CPU.ActiveCfg = Debug|Any CPU
		{A8396B47-5CE0-4208-9408-E3DABBE22538}.Debug|Any CPU.Build.0 = Debug|Any CPU
		{A8396B47-5CE0-4208-9408-E3DABBE22538}.Debug|x64.ActiveCfg = Debug|Any CPU
		{A8396B47-5CE0-4208-9408-E3DABBE22538}.Debug|x64.Build.0 = Debug|Any CPU
		{A8396B47-5CE0-4208-9408-E3DABBE22538}.Debug|x86.ActiveCfg = Debug|Any CPU
		{A8396B47-5CE0-4208-9408-E3DABBE22538}.Debug|x86.Build.0 = Debug|Any CPU
		{A8396B47-5CE0-4208-9408-E3DABBE22538}.Release|Any CPU.ActiveCfg = Release|Any CPU
		{A8396B47-5CE0-4208-9408-E3DABBE22538}.Release|Any CPU.Build.0 = Release|Any CPU
		{A8396B47-5CE0-4208-9408-E3DABBE22538}.Release|x64.ActiveCfg = Release|Any CPU
		{A8396B47-5CE0-4208-9408-E3DABBE22538}.Release|x64.Build.0 = Release|Any CPU
		{A8396B47-5CE0-4208-9408-E3DABBE22538}.Release|x86.ActiveCfg = Release|Any CPU
		{A8396B47-5CE0-4208-9408-E3DABBE22538}.Release|x86.Build.0 = Release|Any CPU
		{233B32EC-22F6-43A4-A2FC-A8AE4635CA6E}.Debug|Any CPU.ActiveCfg = Debug|Any CPU
		{233B32EC-22F6-43A4-A2FC-A8AE4635CA6E}.Debug|Any CPU.Build.0 = Debug|Any CPU
		{233B32EC-22F6-43A4-A2FC-A8AE4635CA6E}.Debug|x64.ActiveCfg = Debug|Any CPU
		{233B32EC-22F6-43A4-A2FC-A8AE4635CA6E}.Debug|x64.Build.0 = Debug|Any CPU
		{233B32EC-22F6-43A4-A2FC-A8AE4635CA6E}.Debug|x86.ActiveCfg = Debug|Any CPU
		{233B32EC-22F6-43A4-A2FC-A8AE4635CA6E}.Debug|x86.Build.0 = Debug|Any CPU
		{233B32EC-22F6-43A4-A2FC-A8AE4635CA6E}.Release|Any CPU.ActiveCfg = Release|Any CPU
		{233B32EC-22F6-43A4-A2FC-A8AE4635CA6E}.Release|Any CPU.Build.0 = Release|Any CPU
		{233B32EC-22F6-43A4-A2FC-A8AE4635CA6E}.Release|x64.ActiveCfg = Release|Any CPU
		{233B32EC-22F6-43A4-A2FC-A8AE4635CA6E}.Release|x64.Build.0 = Release|Any CPU
		{233B32EC-22F6-43A4-A2FC-A8AE4635CA6E}.Release|x86.ActiveCfg = Release|Any CPU
		{233B32EC-22F6-43A4-A2FC-A8AE4635CA6E}.Release|x86.Build.0 = Release|Any CPU
		{1BBAAF98-0BED-4417-B48E-F382AF3A572E}.Debug|Any CPU.ActiveCfg = Debug|Any CPU
		{1BBAAF98-0BED-4417-B48E-F382AF3A572E}.Debug|Any CPU.Build.0 = Debug|Any CPU
		{1BBAAF98-0BED-4417-B48E-F382AF3A572E}.Debug|x64.ActiveCfg = Debug|Any CPU
		{1BBAAF98-0BED-4417-B48E-F382AF3A572E}.Debug|x64.Build.0 = Debug|Any CPU
		{1BBAAF98-0BED-4417-B48E-F382AF3A572E}.Debug|x86.ActiveCfg = Debug|Any CPU
		{1BBAAF98-0BED-4417-B48E-F382AF3A572E}.Debug|x86.Build.0 = Debug|Any CPU
		{1BBAAF98-0BED-4417-B48E-F382AF3A572E}.Release|Any CPU.ActiveCfg = Release|Any CPU
		{1BBAAF98-0BED-4417-B48E-F382AF3A572E}.Release|Any CPU.Build.0 = Release|Any CPU
		{1BBAAF98-0BED-4417-B48E-F382AF3A572E}.Release|x64.ActiveCfg = Release|Any CPU
		{1BBAAF98-0BED-4417-B48E-F382AF3A572E}.Release|x64.Build.0 = Release|Any CPU
		{1BBAAF98-0BED-4417-B48E-F382AF3A572E}.Release|x86.ActiveCfg = Release|Any CPU
		{1BBAAF98-0BED-4417-B48E-F382AF3A572E}.Release|x86.Build.0 = Release|Any CPU
		{18DD0417-2C19-4A87-AFE6-12D67E3A8590}.Debug|Any CPU.ActiveCfg = Debug|Any CPU
		{18DD0417-2C19-4A87-AFE6-12D67E3A8590}.Debug|Any CPU.Build.0 = Debug|Any CPU
		{18DD0417-2C19-4A87-AFE6-12D67E3A8590}.Debug|x64.ActiveCfg = Debug|Any CPU
		{18DD0417-2C19-4A87-AFE6-12D67E3A8590}.Debug|x64.Build.0 = Debug|Any CPU
		{18DD0417-2C19-4A87-AFE6-12D67E3A8590}.Debug|x86.ActiveCfg = Debug|Any CPU
		{18DD0417-2C19-4A87-AFE6-12D67E3A8590}.Debug|x86.Build.0 = Debug|Any CPU
		{18DD0417-2C19-4A87-AFE6-12D67E3A8590}.Release|Any CPU.ActiveCfg = Release|Any CPU
		{18DD0417-2C19-4A87-AFE6-12D67E3A8590}.Release|Any CPU.Build.0 = Release|Any CPU
		{18DD0417-2C19-4A87-AFE6-12D67E3A8590}.Release|x64.ActiveCfg = Release|Any CPU
		{18DD0417-2C19-4A87-AFE6-12D67E3A8590}.Release|x64.Build.0 = Release|Any CPU
		{18DD0417-2C19-4A87-AFE6-12D67E3A8590}.Release|x86.ActiveCfg = Release|Any CPU
		{18DD0417-2C19-4A87-AFE6-12D67E3A8590}.Release|x86.Build.0 = Release|Any CPU
		{9676F597-5743-435B-8D7B-8A5C93FF292A}.Debug|Any CPU.ActiveCfg = Debug|Any CPU
		{9676F597-5743-435B-8D7B-8A5C93FF292A}.Debug|Any CPU.Build.0 = Debug|Any CPU
		{9676F597-5743-435B-8D7B-8A5C93FF292A}.Debug|x64.ActiveCfg = Debug|Any CPU
		{9676F597-5743-435B-8D7B-8A5C93FF292A}.Debug|x64.Build.0 = Debug|Any CPU
		{9676F597-5743-435B-8D7B-8A5C93FF292A}.Debug|x86.ActiveCfg = Debug|Any CPU
		{9676F597-5743-435B-8D7B-8A5C93FF292A}.Debug|x86.Build.0 = Debug|Any CPU
		{9676F597-5743-435B-8D7B-8A5C93FF292A}.Release|Any CPU.ActiveCfg = Release|Any CPU
		{9676F597-5743-435B-8D7B-8A5C93FF292A}.Release|Any CPU.Build.0 = Release|Any CPU
		{9676F597-5743-435B-8D7B-8A5C93FF292A}.Release|x64.ActiveCfg = Release|Any CPU
		{9676F597-5743-435B-8D7B-8A5C93FF292A}.Release|x64.Build.0 = Release|Any CPU
		{9676F597-5743-435B-8D7B-8A5C93FF292A}.Release|x86.ActiveCfg = Release|Any CPU
		{9676F597-5743-435B-8D7B-8A5C93FF292A}.Release|x86.Build.0 = Release|Any CPU
		{C148A8B5-2C32-42D8-A32D-417A6B3C2E1F}.Debug|Any CPU.ActiveCfg = Debug|Any CPU
		{C148A8B5-2C32-42D8-A32D-417A6B3C2E1F}.Debug|Any CPU.Build.0 = Debug|Any CPU
		{C148A8B5-2C32-42D8-A32D-417A6B3C2E1F}.Debug|x64.ActiveCfg = Debug|Any CPU
		{C148A8B5-2C32-42D8-A32D-417A6B3C2E1F}.Debug|x64.Build.0 = Debug|Any CPU
		{C148A8B5-2C32-42D8-A32D-417A6B3C2E1F}.Debug|x86.ActiveCfg = Debug|Any CPU
		{C148A8B5-2C32-42D8-A32D-417A6B3C2E1F}.Debug|x86.Build.0 = Debug|Any CPU
		{C148A8B5-2C32-42D8-A32D-417A6B3C2E1F}.Release|Any CPU.ActiveCfg = Release|Any CPU
		{C148A8B5-2C32-42D8-A32D-417A6B3C2E1F}.Release|Any CPU.Build.0 = Release|Any CPU
		{C148A8B5-2C32-42D8-A32D-417A6B3C2E1F}.Release|x64.ActiveCfg = Release|Any CPU
		{C148A8B5-2C32-42D8-A32D-417A6B3C2E1F}.Release|x64.Build.0 = Release|Any CPU
		{C148A8B5-2C32-42D8-A32D-417A6B3C2E1F}.Release|x86.ActiveCfg = Release|Any CPU
		{C148A8B5-2C32-42D8-A32D-417A6B3C2E1F}.Release|x86.Build.0 = Release|Any CPU
		{F976069D-9125-47EC-A363-8D531D537979}.Debug|Any CPU.ActiveCfg = Debug|Any CPU
		{F976069D-9125-47EC-A363-8D531D537979}.Debug|Any CPU.Build.0 = Debug|Any CPU
		{F976069D-9125-47EC-A363-8D531D537979}.Debug|x64.ActiveCfg = Debug|Any CPU
		{F976069D-9125-47EC-A363-8D531D537979}.Debug|x64.Build.0 = Debug|Any CPU
		{F976069D-9125-47EC-A363-8D531D537979}.Debug|x86.ActiveCfg = Debug|Any CPU
		{F976069D-9125-47EC-A363-8D531D537979}.Debug|x86.Build.0 = Debug|Any CPU
		{F976069D-9125-47EC-A363-8D531D537979}.Release|Any CPU.ActiveCfg = Release|Any CPU
		{F976069D-9125-47EC-A363-8D531D537979}.Release|Any CPU.Build.0 = Release|Any CPU
		{F976069D-9125-47EC-A363-8D531D537979}.Release|x64.ActiveCfg = Release|Any CPU
		{F976069D-9125-47EC-A363-8D531D537979}.Release|x64.Build.0 = Release|Any CPU
		{F976069D-9125-47EC-A363-8D531D537979}.Release|x86.ActiveCfg = Release|Any CPU
		{F976069D-9125-47EC-A363-8D531D537979}.Release|x86.Build.0 = Release|Any CPU
		{F8219144-26C6-44C3-AEC8-12646894AFAA}.Debug|Any CPU.ActiveCfg = Debug|Any CPU
		{F8219144-26C6-44C3-AEC8-12646894AFAA}.Debug|Any CPU.Build.0 = Debug|Any CPU
		{F8219144-26C6-44C3-AEC8-12646894AFAA}.Debug|x64.ActiveCfg = Debug|Any CPU
		{F8219144-26C6-44C3-AEC8-12646894AFAA}.Debug|x64.Build.0 = Debug|Any CPU
		{F8219144-26C6-44C3-AEC8-12646894AFAA}.Debug|x86.ActiveCfg = Debug|Any CPU
		{F8219144-26C6-44C3-AEC8-12646894AFAA}.Debug|x86.Build.0 = Debug|Any CPU
		{F8219144-26C6-44C3-AEC8-12646894AFAA}.Release|Any CPU.ActiveCfg = Release|Any CPU
		{F8219144-26C6-44C3-AEC8-12646894AFAA}.Release|Any CPU.Build.0 = Release|Any CPU
		{F8219144-26C6-44C3-AEC8-12646894AFAA}.Release|x64.ActiveCfg = Release|Any CPU
		{F8219144-26C6-44C3-AEC8-12646894AFAA}.Release|x64.Build.0 = Release|Any CPU
		{F8219144-26C6-44C3-AEC8-12646894AFAA}.Release|x86.ActiveCfg = Release|Any CPU
		{F8219144-26C6-44C3-AEC8-12646894AFAA}.Release|x86.Build.0 = Release|Any CPU
		{CCF989F2-64DE-4F74-9A06-C4F5B2826225}.Debug|Any CPU.ActiveCfg = Debug|Any CPU
		{CCF989F2-64DE-4F74-9A06-C4F5B2826225}.Debug|Any CPU.Build.0 = Debug|Any CPU
		{CCF989F2-64DE-4F74-9A06-C4F5B2826225}.Debug|x64.ActiveCfg = Debug|Any CPU
		{CCF989F2-64DE-4F74-9A06-C4F5B2826225}.Debug|x64.Build.0 = Debug|Any CPU
		{CCF989F2-64DE-4F74-9A06-C4F5B2826225}.Debug|x86.ActiveCfg = Debug|Any CPU
		{CCF989F2-64DE-4F74-9A06-C4F5B2826225}.Debug|x86.Build.0 = Debug|Any CPU
		{CCF989F2-64DE-4F74-9A06-C4F5B2826225}.Release|Any CPU.ActiveCfg = Release|Any CPU
		{CCF989F2-64DE-4F74-9A06-C4F5B2826225}.Release|Any CPU.Build.0 = Release|Any CPU
		{CCF989F2-64DE-4F74-9A06-C4F5B2826225}.Release|x64.ActiveCfg = Release|Any CPU
		{CCF989F2-64DE-4F74-9A06-C4F5B2826225}.Release|x64.Build.0 = Release|Any CPU
		{CCF989F2-64DE-4F74-9A06-C4F5B2826225}.Release|x86.ActiveCfg = Release|Any CPU
		{CCF989F2-64DE-4F74-9A06-C4F5B2826225}.Release|x86.Build.0 = Release|Any CPU
		{EAEBD81C-9768-4D34-8EEF-5C93AFCBA011}.Debug|Any CPU.ActiveCfg = Debug|Any CPU
		{EAEBD81C-9768-4D34-8EEF-5C93AFCBA011}.Debug|Any CPU.Build.0 = Debug|Any CPU
		{EAEBD81C-9768-4D34-8EEF-5C93AFCBA011}.Debug|x64.ActiveCfg = Debug|Any CPU
		{EAEBD81C-9768-4D34-8EEF-5C93AFCBA011}.Debug|x64.Build.0 = Debug|Any CPU
		{EAEBD81C-9768-4D34-8EEF-5C93AFCBA011}.Debug|x86.ActiveCfg = Debug|Any CPU
		{EAEBD81C-9768-4D34-8EEF-5C93AFCBA011}.Debug|x86.Build.0 = Debug|Any CPU
		{EAEBD81C-9768-4D34-8EEF-5C93AFCBA011}.Release|Any CPU.ActiveCfg = Release|Any CPU
		{EAEBD81C-9768-4D34-8EEF-5C93AFCBA011}.Release|Any CPU.Build.0 = Release|Any CPU
		{EAEBD81C-9768-4D34-8EEF-5C93AFCBA011}.Release|x64.ActiveCfg = Release|Any CPU
		{EAEBD81C-9768-4D34-8EEF-5C93AFCBA011}.Release|x64.Build.0 = Release|Any CPU
		{EAEBD81C-9768-4D34-8EEF-5C93AFCBA011}.Release|x86.ActiveCfg = Release|Any CPU
		{EAEBD81C-9768-4D34-8EEF-5C93AFCBA011}.Release|x86.Build.0 = Release|Any CPU
		{B00CA1AF-555E-4AAC-9E39-66B782732C99}.Debug|Any CPU.ActiveCfg = Debug|Any CPU
		{B00CA1AF-555E-4AAC-9E39-66B782732C99}.Debug|Any CPU.Build.0 = Debug|Any CPU
		{B00CA1AF-555E-4AAC-9E39-66B782732C99}.Debug|x64.ActiveCfg = Debug|Any CPU
		{B00CA1AF-555E-4AAC-9E39-66B782732C99}.Debug|x64.Build.0 = Debug|Any CPU
		{B00CA1AF-555E-4AAC-9E39-66B782732C99}.Debug|x86.ActiveCfg = Debug|Any CPU
		{B00CA1AF-555E-4AAC-9E39-66B782732C99}.Debug|x86.Build.0 = Debug|Any CPU
		{B00CA1AF-555E-4AAC-9E39-66B782732C99}.Release|Any CPU.ActiveCfg = Release|Any CPU
		{B00CA1AF-555E-4AAC-9E39-66B782732C99}.Release|Any CPU.Build.0 = Release|Any CPU
		{B00CA1AF-555E-4AAC-9E39-66B782732C99}.Release|x64.ActiveCfg = Release|Any CPU
		{B00CA1AF-555E-4AAC-9E39-66B782732C99}.Release|x64.Build.0 = Release|Any CPU
		{B00CA1AF-555E-4AAC-9E39-66B782732C99}.Release|x86.ActiveCfg = Release|Any CPU
		{B00CA1AF-555E-4AAC-9E39-66B782732C99}.Release|x86.Build.0 = Release|Any CPU
		{4BA38CFC-B82E-4275-B41F-184C2666CF8A}.Debug|Any CPU.ActiveCfg = Debug|Any CPU
		{4BA38CFC-B82E-4275-B41F-184C2666CF8A}.Debug|Any CPU.Build.0 = Debug|Any CPU
		{4BA38CFC-B82E-4275-B41F-184C2666CF8A}.Debug|x64.ActiveCfg = Debug|Any CPU
		{4BA38CFC-B82E-4275-B41F-184C2666CF8A}.Debug|x64.Build.0 = Debug|Any CPU
		{4BA38CFC-B82E-4275-B41F-184C2666CF8A}.Debug|x86.ActiveCfg = Debug|Any CPU
		{4BA38CFC-B82E-4275-B41F-184C2666CF8A}.Debug|x86.Build.0 = Debug|Any CPU
		{4BA38CFC-B82E-4275-B41F-184C2666CF8A}.Release|Any CPU.ActiveCfg = Release|Any CPU
		{4BA38CFC-B82E-4275-B41F-184C2666CF8A}.Release|Any CPU.Build.0 = Release|Any CPU
		{4BA38CFC-B82E-4275-B41F-184C2666CF8A}.Release|x64.ActiveCfg = Release|Any CPU
		{4BA38CFC-B82E-4275-B41F-184C2666CF8A}.Release|x64.Build.0 = Release|Any CPU
		{4BA38CFC-B82E-4275-B41F-184C2666CF8A}.Release|x86.ActiveCfg = Release|Any CPU
		{4BA38CFC-B82E-4275-B41F-184C2666CF8A}.Release|x86.Build.0 = Release|Any CPU
		{657887F5-230D-406E-8431-D74EBB1F9698}.Debug|Any CPU.ActiveCfg = Debug|Any CPU
		{657887F5-230D-406E-8431-D74EBB1F9698}.Debug|Any CPU.Build.0 = Debug|Any CPU
		{657887F5-230D-406E-8431-D74EBB1F9698}.Debug|x64.ActiveCfg = Debug|Any CPU
		{657887F5-230D-406E-8431-D74EBB1F9698}.Debug|x64.Build.0 = Debug|Any CPU
		{657887F5-230D-406E-8431-D74EBB1F9698}.Debug|x86.ActiveCfg = Debug|Any CPU
		{657887F5-230D-406E-8431-D74EBB1F9698}.Debug|x86.Build.0 = Debug|Any CPU
		{657887F5-230D-406E-8431-D74EBB1F9698}.Release|Any CPU.ActiveCfg = Release|Any CPU
		{657887F5-230D-406E-8431-D74EBB1F9698}.Release|Any CPU.Build.0 = Release|Any CPU
		{657887F5-230D-406E-8431-D74EBB1F9698}.Release|x64.ActiveCfg = Release|Any CPU
		{657887F5-230D-406E-8431-D74EBB1F9698}.Release|x64.Build.0 = Release|Any CPU
		{657887F5-230D-406E-8431-D74EBB1F9698}.Release|x86.ActiveCfg = Release|Any CPU
		{657887F5-230D-406E-8431-D74EBB1F9698}.Release|x86.Build.0 = Release|Any CPU
		{9339645B-8A3E-4771-8D44-BFB5817B905B}.Debug|Any CPU.ActiveCfg = Debug|Any CPU
		{9339645B-8A3E-4771-8D44-BFB5817B905B}.Debug|Any CPU.Build.0 = Debug|Any CPU
		{9339645B-8A3E-4771-8D44-BFB5817B905B}.Debug|x64.ActiveCfg = Debug|Any CPU
		{9339645B-8A3E-4771-8D44-BFB5817B905B}.Debug|x64.Build.0 = Debug|Any CPU
		{9339645B-8A3E-4771-8D44-BFB5817B905B}.Debug|x86.ActiveCfg = Debug|Any CPU
		{9339645B-8A3E-4771-8D44-BFB5817B905B}.Debug|x86.Build.0 = Debug|Any CPU
		{9339645B-8A3E-4771-8D44-BFB5817B905B}.Release|Any CPU.ActiveCfg = Release|Any CPU
		{9339645B-8A3E-4771-8D44-BFB5817B905B}.Release|Any CPU.Build.0 = Release|Any CPU
		{9339645B-8A3E-4771-8D44-BFB5817B905B}.Release|x64.ActiveCfg = Release|Any CPU
		{9339645B-8A3E-4771-8D44-BFB5817B905B}.Release|x64.Build.0 = Release|Any CPU
		{9339645B-8A3E-4771-8D44-BFB5817B905B}.Release|x86.ActiveCfg = Release|Any CPU
		{9339645B-8A3E-4771-8D44-BFB5817B905B}.Release|x86.Build.0 = Release|Any CPU
		{DB10D66E-AF0C-4FC5-9A68-86D7AA7B37C5}.Debug|Any CPU.ActiveCfg = Debug|Any CPU
		{DB10D66E-AF0C-4FC5-9A68-86D7AA7B37C5}.Debug|Any CPU.Build.0 = Debug|Any CPU
		{DB10D66E-AF0C-4FC5-9A68-86D7AA7B37C5}.Debug|x64.ActiveCfg = Debug|Any CPU
		{DB10D66E-AF0C-4FC5-9A68-86D7AA7B37C5}.Debug|x64.Build.0 = Debug|Any CPU
		{DB10D66E-AF0C-4FC5-9A68-86D7AA7B37C5}.Debug|x86.ActiveCfg = Debug|Any CPU
		{DB10D66E-AF0C-4FC5-9A68-86D7AA7B37C5}.Debug|x86.Build.0 = Debug|Any CPU
		{DB10D66E-AF0C-4FC5-9A68-86D7AA7B37C5}.Release|Any CPU.ActiveCfg = Release|Any CPU
		{DB10D66E-AF0C-4FC5-9A68-86D7AA7B37C5}.Release|Any CPU.Build.0 = Release|Any CPU
		{DB10D66E-AF0C-4FC5-9A68-86D7AA7B37C5}.Release|x64.ActiveCfg = Release|Any CPU
		{DB10D66E-AF0C-4FC5-9A68-86D7AA7B37C5}.Release|x64.Build.0 = Release|Any CPU
		{DB10D66E-AF0C-4FC5-9A68-86D7AA7B37C5}.Release|x86.ActiveCfg = Release|Any CPU
		{DB10D66E-AF0C-4FC5-9A68-86D7AA7B37C5}.Release|x86.Build.0 = Release|Any CPU
		{72762528-1C31-47C1-8867-741C7CCDC539}.Debug|Any CPU.ActiveCfg = Debug|Any CPU
		{72762528-1C31-47C1-8867-741C7CCDC539}.Debug|Any CPU.Build.0 = Debug|Any CPU
		{72762528-1C31-47C1-8867-741C7CCDC539}.Debug|x64.ActiveCfg = Debug|Any CPU
		{72762528-1C31-47C1-8867-741C7CCDC539}.Debug|x64.Build.0 = Debug|Any CPU
		{72762528-1C31-47C1-8867-741C7CCDC539}.Debug|x86.ActiveCfg = Debug|Any CPU
		{72762528-1C31-47C1-8867-741C7CCDC539}.Debug|x86.Build.0 = Debug|Any CPU
		{72762528-1C31-47C1-8867-741C7CCDC539}.Release|Any CPU.ActiveCfg = Release|Any CPU
		{72762528-1C31-47C1-8867-741C7CCDC539}.Release|Any CPU.Build.0 = Release|Any CPU
		{72762528-1C31-47C1-8867-741C7CCDC539}.Release|x64.ActiveCfg = Release|Any CPU
		{72762528-1C31-47C1-8867-741C7CCDC539}.Release|x64.Build.0 = Release|Any CPU
		{72762528-1C31-47C1-8867-741C7CCDC539}.Release|x86.ActiveCfg = Release|Any CPU
		{72762528-1C31-47C1-8867-741C7CCDC539}.Release|x86.Build.0 = Release|Any CPU
		{356D454A-634E-4ECF-93D8-CDE8AB781C42}.Debug|Any CPU.ActiveCfg = Debug|Any CPU
		{356D454A-634E-4ECF-93D8-CDE8AB781C42}.Debug|Any CPU.Build.0 = Debug|Any CPU
		{356D454A-634E-4ECF-93D8-CDE8AB781C42}.Debug|x64.ActiveCfg = Debug|Any CPU
		{356D454A-634E-4ECF-93D8-CDE8AB781C42}.Debug|x64.Build.0 = Debug|Any CPU
		{356D454A-634E-4ECF-93D8-CDE8AB781C42}.Debug|x86.ActiveCfg = Debug|Any CPU
		{356D454A-634E-4ECF-93D8-CDE8AB781C42}.Debug|x86.Build.0 = Debug|Any CPU
		{356D454A-634E-4ECF-93D8-CDE8AB781C42}.Release|Any CPU.ActiveCfg = Release|Any CPU
		{356D454A-634E-4ECF-93D8-CDE8AB781C42}.Release|Any CPU.Build.0 = Release|Any CPU
		{356D454A-634E-4ECF-93D8-CDE8AB781C42}.Release|x64.ActiveCfg = Release|Any CPU
		{356D454A-634E-4ECF-93D8-CDE8AB781C42}.Release|x64.Build.0 = Release|Any CPU
		{356D454A-634E-4ECF-93D8-CDE8AB781C42}.Release|x86.ActiveCfg = Release|Any CPU
		{356D454A-634E-4ECF-93D8-CDE8AB781C42}.Release|x86.Build.0 = Release|Any CPU
	EndGlobalSection
	GlobalSection(SolutionProperties) = preSolution
		HideSolutionNode = FALSE
	EndGlobalSection
	GlobalSection(NestedProjects) = preSolution
		{BFA39B07-A507-45A7-AEB3-41B7BA23B6AF} = {827E0CD3-B72D-47B6-A68D-7590B98EB39B}
		{575859A7-47ED-4E6D-9360-72BDC70C2113} = {827E0CD3-B72D-47B6-A68D-7590B98EB39B}
		{78ECC23D-845C-4612-9EC8-ECC1E557E7DA} = {827E0CD3-B72D-47B6-A68D-7590B98EB39B}
		{634A12A7-8F4D-468B-8486-121898E3B8B2} = {827E0CD3-B72D-47B6-A68D-7590B98EB39B}
		{A62BD098-265B-4DE3-8EE0-CFF7D1F69D87} = {827E0CD3-B72D-47B6-A68D-7590B98EB39B}
		{23AC67B7-BA1A-4DB9-821A-C05BCFDBB45D} = {0AB3BF05-4346-4AA6-1389-037BE0695223}
		{AF1160BE-B666-4C04-953D-4E7B405EE509} = {827E0CD3-B72D-47B6-A68D-7590B98EB39B}
		{71D2AD3C-A800-4409-A61F-65138F07EDE0} = {827E0CD3-B72D-47B6-A68D-7590B98EB39B}
		{BE6C6F52-C5DD-4454-BB2E-C12AE6D89AD0} = {827E0CD3-B72D-47B6-A68D-7590B98EB39B}
		{DEE09780-D50E-4A9C-A244-1D944040AAA1} = {827E0CD3-B72D-47B6-A68D-7590B98EB39B}
		{08A61219-23A4-4894-82EE-E09006C22433} = {827E0CD3-B72D-47B6-A68D-7590B98EB39B}
		{8AFD721B-3581-40E0-BB9A-2C8D13E7ED12} = {827E0CD3-B72D-47B6-A68D-7590B98EB39B}
		{813EDD0E-56D2-4CDA-992F-C0439028D8C4} = {827E0CD3-B72D-47B6-A68D-7590B98EB39B}
		{AFBA99B2-C1B5-49D6-B6FE-EE90B9594244} = {827E0CD3-B72D-47B6-A68D-7590B98EB39B}
		{6232CF7E-778E-472D-A9DD-360835DB8316} = {827E0CD3-B72D-47B6-A68D-7590B98EB39B}
		{4F40E306-E281-4C98-878A-937E1C5B2848} = {827E0CD3-B72D-47B6-A68D-7590B98EB39B}
		{76413C3B-A155-4ACF-ACCB-89C90D7F0505} = {827E0CD3-B72D-47B6-A68D-7590B98EB39B}
		{A913D01A-F476-40A2-A843-D8BE4E8AC24C} = {827E0CD3-B72D-47B6-A68D-7590B98EB39B}
		{0B1D7CF6-9BE7-4486-9F85-8432F8EA1815} = {827E0CD3-B72D-47B6-A68D-7590B98EB39B}
		{A8396B47-5CE0-4208-9408-E3DABBE22538} = {827E0CD3-B72D-47B6-A68D-7590B98EB39B}
		{233B32EC-22F6-43A4-A2FC-A8AE4635CA6E} = {827E0CD3-B72D-47B6-A68D-7590B98EB39B}
		{1BBAAF98-0BED-4417-B48E-F382AF3A572E} = {827E0CD3-B72D-47B6-A68D-7590B98EB39B}
		{18DD0417-2C19-4A87-AFE6-12D67E3A8590} = {827E0CD3-B72D-47B6-A68D-7590B98EB39B}
		{9676F597-5743-435B-8D7B-8A5C93FF292A} = {827E0CD3-B72D-47B6-A68D-7590B98EB39B}
		{C148A8B5-2C32-42D8-A32D-417A6B3C2E1F} = {827E0CD3-B72D-47B6-A68D-7590B98EB39B}
		{F976069D-9125-47EC-A363-8D531D537979} = {827E0CD3-B72D-47B6-A68D-7590B98EB39B}
		{D7DC9B74-6BC4-2470-2038-1E57C2DCB73B} = {0AB3BF05-4346-4AA6-1389-037BE0695223}
		{F8219144-26C6-44C3-AEC8-12646894AFAA} = {D7DC9B74-6BC4-2470-2038-1E57C2DCB73B}
		{CCF989F2-64DE-4F74-9A06-C4F5B2826225} = {D7DC9B74-6BC4-2470-2038-1E57C2DCB73B}
		{EAEBD81C-9768-4D34-8EEF-5C93AFCBA011} = {D7DC9B74-6BC4-2470-2038-1E57C2DCB73B}
		{B00CA1AF-555E-4AAC-9E39-66B782732C99} = {D7DC9B74-6BC4-2470-2038-1E57C2DCB73B}
		{4BA38CFC-B82E-4275-B41F-184C2666CF8A} = {D7DC9B74-6BC4-2470-2038-1E57C2DCB73B}
		{EC447DCF-ABFA-6E24-52A5-D7FD48A5C558} = {827E0CD3-B72D-47B6-A68D-7590B98EB39B}
		{E9E1155A-A339-766C-C185-6698FF423EBC} = {EC447DCF-ABFA-6E24-52A5-D7FD48A5C558}
		{657887F5-230D-406E-8431-D74EBB1F9698} = {E9E1155A-A339-766C-C185-6698FF423EBC}
		{9339645B-8A3E-4771-8D44-BFB5817B905B} = {E9E1155A-A339-766C-C185-6698FF423EBC}
		{DB10D66E-AF0C-4FC5-9A68-86D7AA7B37C5} = {E9E1155A-A339-766C-C185-6698FF423EBC}
		{72762528-1C31-47C1-8867-741C7CCDC539} = {E9E1155A-A339-766C-C185-6698FF423EBC}
		{356D454A-634E-4ECF-93D8-CDE8AB781C42} = {0AB3BF05-4346-4AA6-1389-037BE0695223}
	EndGlobalSection
EndGlobal
